
Microsoft Visual Studio Solution File, Format Version 11.00
# Visual Studio 2010
Project("{FAE04EC0-301F-11D3-BF4B-00C04F79EFBC}") = "ChatServer", "Chat\ChatServer.csproj", "{1D91B161-67D4-42D3-BA8D-A2A6B23C5BBE}"
EndProject
Project("{FAE04EC0-301F-11D3-BF4B-00C04F79EFBC}") = "ChatLibrary", "ChatLibrary\ChatLibrary.csproj", "{9785AA96-1D6D-4F9C-8526-117F3CC1916C}"
EndProject
Project("{FAE04EC0-301F-11D3-BF4B-00C04F79EFBC}") = "ChatClientGUI", "ChatClientGUI\ChatClientGUI.csproj", "{BB5B6897-E246-44E9-BD0D-13659C542035}"
EndProject
Global
	GlobalSection(SolutionConfigurationPlatforms) = preSolution
		Debug|Any CPU = Debug|Any CPU
		Release|Any CPU = Release|Any CPU
	EndGlobalSection
	GlobalSection(ProjectConfigurationPlatforms) = postSolution
		{1D91B161-67D4-42D3-BA8D-A2A6B23C5BBE}.Debug|Any CPU.ActiveCfg = Debug|Any CPU
		{1D91B161-67D4-42D3-BA8D-A2A6B23C5BBE}.Debug|Any CPU.Build.0 = Debug|Any CPU
		{1D91B161-67D4-42D3-BA8D-A2A6B23C5BBE}.Release|Any CPU.ActiveCfg = Release|Any CPU
		{1D91B161-67D4-42D3-BA8D-A2A6B23C5BBE}.Release|Any CPU.Build.0 = Release|Any CPU
		{9785AA96-1D6D-4F9C-8526-117F3CC1916C}.Debug|Any CPU.ActiveCfg = Debug|Any CPU
		{9785AA96-1D6D-4F9C-8526-117F3CC1916C}.Debug|Any CPU.Build.0 = Debug|Any CPU
		{9785AA96-1D6D-4F9C-8526-117F3CC1916C}.Release|Any CPU.ActiveCfg = Release|Any CPU
		{9785AA96-1D6D-4F9C-8526-117F3CC1916C}.Release|Any CPU.Build.0 = Release|Any CPU
		{BB5B6897-E246-44E9-BD0D-13659C542035}.Debug|Any CPU.ActiveCfg = Debug|Any CPU
		{BB5B6897-E246-44E9-BD0D-13659C542035}.Debug|Any CPU.Build.0 = Debug|Any CPU
		{BB5B6897-E246-44E9-BD0D-13659C542035}.Release|Any CPU.ActiveCfg = Release|Any CPU
		{BB5B6897-E246-44E9-BD0D-13659C542035}.Release|Any CPU.Build.0 = Release|Any CPU
	EndGlobalSection
	GlobalSection(SolutionProperties) = preSolution
		HideSolutionNode = FALSE
	EndGlobalSection
EndGlobal
